// !$*UTF8*$!
{
	archiveVersion = 1;
	classes = {
	};
	objectVersion = 50;
	objects = {

/* Begin PBXBuildFile section */
		FC2E499924DA0ACA00A58E03 /* AppDelegate.m in Sources */ = {isa = PBXBuildFile; fileRef = FC2E499824DA0ACA00A58E03 /* AppDelegate.m */; };
		FC2E499C24DA0ACA00A58E03 /* SceneDelegate.m in Sources */ = {isa = PBXBuildFile; fileRef = FC2E499B24DA0ACA00A58E03 /* SceneDelegate.m */; };
		FC2E499F24DA0ACA00A58E03 /* MainViewController.m in Sources */ = {isa = PBXBuildFile; fileRef = FC2E499E24DA0ACA00A58E03 /* MainViewController.m */; };
		FC2E49A224DA0ACA00A58E03 /* Main.storyboard in Resources */ = {isa = PBXBuildFile; fileRef = FC2E49A024DA0ACA00A58E03 /* Main.storyboard */; };
		FC2E49A424DA0ACC00A58E03 /* Assets.xcassets in Resources */ = {isa = PBXBuildFile; fileRef = FC2E49A324DA0ACC00A58E03 /* Assets.xcassets */; };
		FC2E49A724DA0ACC00A58E03 /* LaunchScreen.storyboard in Resources */ = {isa = PBXBuildFile; fileRef = FC2E49A524DA0ACC00A58E03 /* LaunchScreen.storyboard */; };
		FC2E49AA24DA0ACC00A58E03 /* main.m in Sources */ = {isa = PBXBuildFile; fileRef = FC2E49A924DA0ACC00A58E03 /* main.m */; };
		FC2E49BF24DA3A8200A58E03 /* KDTArticle.m in Sources */ = {isa = PBXBuildFile; fileRef = FC2E49BE24DA3A8200A58E03 /* KDTArticle.m */; };
		FC2E49C324DB3FCB00A58E03 /* KDTArticleController.m in Sources */ = {isa = PBXBuildFile; fileRef = FC2E49C224DB3FCB00A58E03 /* KDTArticleController.m */; };
		FC642B8024DC672E003BC244 /* KDTFeaturedArticleCollectionViewCell.m in Sources */ = {isa = PBXBuildFile; fileRef = FC642B7F24DC672E003BC244 /* KDTFeaturedArticleCollectionViewCell.m */; };
		FC642B8824DCA5B7003BC244 /* KDTPreviousArticleCollectionViewCell.m in Sources */ = {isa = PBXBuildFile; fileRef = FC642B8724DCA5B7003BC244 /* KDTPreviousArticleCollectionViewCell.m */; };
/* End PBXBuildFile section */

/* Begin PBXFileReference section */
		FC2E499424DA0ACA00A58E03 /* PCapCodingChallenge.app */ = {isa = PBXFileReference; explicitFileType = wrapper.application; includeInIndex = 0; path = PCapCodingChallenge.app; sourceTree = BUILT_PRODUCTS_DIR; };
		FC2E499724DA0ACA00A58E03 /* AppDelegate.h */ = {isa = PBXFileReference; lastKnownFileType = sourcecode.c.h; path = AppDelegate.h; sourceTree = "<group>"; };
		FC2E499824DA0ACA00A58E03 /* AppDelegate.m */ = {isa = PBXFileReference; lastKnownFileType = sourcecode.c.objc; path = AppDelegate.m; sourceTree = "<group>"; };
		FC2E499A24DA0ACA00A58E03 /* SceneDelegate.h */ = {isa = PBXFileReference; lastKnownFileType = sourcecode.c.h; path = SceneDelegate.h; sourceTree = "<group>"; };
		FC2E499B24DA0ACA00A58E03 /* SceneDelegate.m */ = {isa = PBXFileReference; lastKnownFileType = sourcecode.c.objc; path = SceneDelegate.m; sourceTree = "<group>"; };
		FC2E499D24DA0ACA00A58E03 /* MainViewController.h */ = {isa = PBXFileReference; lastKnownFileType = sourcecode.c.h; path = MainViewController.h; sourceTree = "<group>"; };
		FC2E499E24DA0ACA00A58E03 /* MainViewController.m */ = {isa = PBXFileReference; lastKnownFileType = sourcecode.c.objc; path = MainViewController.m; sourceTree = "<group>"; };
		FC2E49A124DA0ACA00A58E03 /* Base */ = {isa = PBXFileReference; lastKnownFileType = file.storyboard; name = Base; path = Base.lproj/Main.storyboard; sourceTree = "<group>"; };
		FC2E49A324DA0ACC00A58E03 /* Assets.xcassets */ = {isa = PBXFileReference; lastKnownFileType = folder.assetcatalog; path = Assets.xcassets; sourceTree = "<group>"; };
		FC2E49A624DA0ACC00A58E03 /* Base */ = {isa = PBXFileReference; lastKnownFileType = file.storyboard; name = Base; path = Base.lproj/LaunchScreen.storyboard; sourceTree = "<group>"; };
		FC2E49A824DA0ACC00A58E03 /* Info.plist */ = {isa = PBXFileReference; lastKnownFileType = text.plist.xml; path = Info.plist; sourceTree = "<group>"; };
		FC2E49A924DA0ACC00A58E03 /* main.m */ = {isa = PBXFileReference; lastKnownFileType = sourcecode.c.objc; path = main.m; sourceTree = "<group>"; };
		FC2E49BD24DA3A8200A58E03 /* KDTArticle.h */ = {isa = PBXFileReference; lastKnownFileType = sourcecode.c.h; path = KDTArticle.h; sourceTree = "<group>"; };
		FC2E49BE24DA3A8200A58E03 /* KDTArticle.m */ = {isa = PBXFileReference; lastKnownFileType = sourcecode.c.objc; path = KDTArticle.m; sourceTree = "<group>"; };
		FC2E49C124DB3FCB00A58E03 /* KDTArticleController.h */ = {isa = PBXFileReference; lastKnownFileType = sourcecode.c.h; path = KDTArticleController.h; sourceTree = "<group>"; };
		FC2E49C224DB3FCB00A58E03 /* KDTArticleController.m */ = {isa = PBXFileReference; lastKnownFileType = sourcecode.c.objc; path = KDTArticleController.m; sourceTree = "<group>"; };
		FC642B7E24DC672E003BC244 /* KDTFeaturedArticleCollectionViewCell.h */ = {isa = PBXFileReference; lastKnownFileType = sourcecode.c.h; path = KDTFeaturedArticleCollectionViewCell.h; sourceTree = "<group>"; };
		FC642B7F24DC672E003BC244 /* KDTFeaturedArticleCollectionViewCell.m */ = {isa = PBXFileReference; lastKnownFileType = sourcecode.c.objc; path = KDTFeaturedArticleCollectionViewCell.m; sourceTree = "<group>"; };
		FC642B8624DCA5B7003BC244 /* KDTPreviousArticleCollectionViewCell.h */ = {isa = PBXFileReference; lastKnownFileType = sourcecode.c.h; path = KDTPreviousArticleCollectionViewCell.h; sourceTree = "<group>"; };
		FC642B8724DCA5B7003BC244 /* KDTPreviousArticleCollectionViewCell.m */ = {isa = PBXFileReference; lastKnownFileType = sourcecode.c.objc; path = KDTPreviousArticleCollectionViewCell.m; sourceTree = "<group>"; };
/* End PBXFileReference section */

/* Begin PBXFrameworksBuildPhase section */
		FC2E499124DA0ACA00A58E03 /* Frameworks */ = {
			isa = PBXFrameworksBuildPhase;
			buildActionMask = 2147483647;
			files = (
			);
			runOnlyForDeploymentPostprocessing = 0;
		};
/* End PBXFrameworksBuildPhase section */

/* Begin PBXGroup section */
		FC2E498B24DA0ACA00A58E03 = {
			isa = PBXGroup;
			children = (
				FC2E499624DA0ACA00A58E03 /* PCapCodingChallenge */,
				FC2E499524DA0ACA00A58E03 /* Products */,
			);
			sourceTree = "<group>";
		};
		FC2E499524DA0ACA00A58E03 /* Products */ = {
			isa = PBXGroup;
			children = (
				FC2E499424DA0ACA00A58E03 /* PCapCodingChallenge.app */,
			);
			name = Products;
			sourceTree = "<group>";
		};
		FC2E499624DA0ACA00A58E03 /* PCapCodingChallenge */ = {
			isa = PBXGroup;
			children = (
				FC2E49BC24DA3A7400A58E03 /* Models */,
				FC2E49C024DB3FA200A58E03 /* Model Controller */,
				FCE7610324DF76C3000E650D /* View Controllers */,
				FC642B8924DCB9D1003BC244 /* Views */,
				FC2E49B024DA10B300A58E03 /* Resources */,
			);
			path = PCapCodingChallenge;
			sourceTree = "<group>";
		};
		FC2E49B024DA10B300A58E03 /* Resources */ = {
			isa = PBXGroup;
			children = (
				FC2E499724DA0ACA00A58E03 /* AppDelegate.h */,
				FC2E499824DA0ACA00A58E03 /* AppDelegate.m */,
				FC2E499A24DA0ACA00A58E03 /* SceneDelegate.h */,
				FC2E499B24DA0ACA00A58E03 /* SceneDelegate.m */,
				FC2E49A024DA0ACA00A58E03 /* Main.storyboard */,
				FC2E49A324DA0ACC00A58E03 /* Assets.xcassets */,
				FC2E49A524DA0ACC00A58E03 /* LaunchScreen.storyboard */,
				FC2E49A824DA0ACC00A58E03 /* Info.plist */,
				FC2E49A924DA0ACC00A58E03 /* main.m */,
			);
			path = Resources;
			sourceTree = "<group>";
		};
		FC2E49BC24DA3A7400A58E03 /* Models */ = {
			isa = PBXGroup;
			children = (
				FC2E49BD24DA3A8200A58E03 /* KDTArticle.h */,
				FC2E49BE24DA3A8200A58E03 /* KDTArticle.m */,
			);
			path = Models;
			sourceTree = "<group>";
		};
		FC2E49C024DB3FA200A58E03 /* Model Controller */ = {
			isa = PBXGroup;
			children = (
				FC2E49C124DB3FCB00A58E03 /* KDTArticleController.h */,
				FC2E49C224DB3FCB00A58E03 /* KDTArticleController.m */,
			);
			path = "Model Controller";
			sourceTree = "<group>";
		};
		FC642B8924DCB9D1003BC244 /* Views */ = {
			isa = PBXGroup;
			children = (
				FC642B7E24DC672E003BC244 /* KDTFeaturedArticleCollectionViewCell.h */,
				FC642B7F24DC672E003BC244 /* KDTFeaturedArticleCollectionViewCell.m */,
				FC642B8624DCA5B7003BC244 /* KDTPreviousArticleCollectionViewCell.h */,
				FC642B8724DCA5B7003BC244 /* KDTPreviousArticleCollectionViewCell.m */,
			);
			path = Views;
			sourceTree = "<group>";
		};
		FCE7610324DF76C3000E650D /* View Controllers */ = {
			isa = PBXGroup;
			children = (
				FC2E499D24DA0ACA00A58E03 /* MainViewController.h */,
				FC2E499E24DA0ACA00A58E03 /* MainViewController.m */,
			);
			path = "View Controllers";
			sourceTree = "<group>";
		};
/* End PBXGroup section */

/* Begin PBXNativeTarget section */
		FC2E499324DA0ACA00A58E03 /* PCapCodingChallenge */ = {
			isa = PBXNativeTarget;
			buildConfigurationList = FC2E49AD24DA0ACC00A58E03 /* Build configuration list for PBXNativeTarget "PCapCodingChallenge" */;
			buildPhases = (
				FC2E499024DA0ACA00A58E03 /* Sources */,
				FC2E499124DA0ACA00A58E03 /* Frameworks */,
				FC2E499224DA0ACA00A58E03 /* Resources */,
			);
			buildRules = (
			);
			dependencies = (
			);
			name = PCapCodingChallenge;
			productName = PCapCodingChallenge;
			productReference = FC2E499424DA0ACA00A58E03 /* PCapCodingChallenge.app */;
			productType = "com.apple.product-type.application";
		};
/* End PBXNativeTarget section */

/* Begin PBXProject section */
		FC2E498C24DA0ACA00A58E03 /* Project object */ = {
			isa = PBXProject;
			attributes = {
				CLASSPREFIX = KDT;
				LastUpgradeCheck = 1160;
				ORGANIZATIONNAME = "Kevin Tanner";
				TargetAttributes = {
					FC2E499324DA0ACA00A58E03 = {
						CreatedOnToolsVersion = 11.6;
					};
				};
			};
			buildConfigurationList = FC2E498F24DA0ACA00A58E03 /* Build configuration list for PBXProject "PCapCodingChallenge" */;
			compatibilityVersion = "Xcode 9.3";
			developmentRegion = en;
			hasScannedForEncodings = 0;
			knownRegions = (
				en,
				Base,
			);
			mainGroup = FC2E498B24DA0ACA00A58E03;
			productRefGroup = FC2E499524DA0ACA00A58E03 /* Products */;
			projectDirPath = "";
			projectRoot = "";
			targets = (
				FC2E499324DA0ACA00A58E03 /* PCapCodingChallenge */,
			);
		};
/* End PBXProject section */

/* Begin PBXResourcesBuildPhase section */
		FC2E499224DA0ACA00A58E03 /* Resources */ = {
			isa = PBXResourcesBuildPhase;
			buildActionMask = 2147483647;
			files = (
				FC2E49A724DA0ACC00A58E03 /* LaunchScreen.storyboard in Resources */,
				FC2E49A424DA0ACC00A58E03 /* Assets.xcassets in Resources */,
				FC2E49A224DA0ACA00A58E03 /* Main.storyboard in Resources */,
			);
			runOnlyForDeploymentPostprocessing = 0;
		};
/* End PBXResourcesBuildPhase section */

/* Begin PBXSourcesBuildPhase section */
		FC2E499024DA0ACA00A58E03 /* Sources */ = {
			isa = PBXSourcesBuildPhase;
			buildActionMask = 2147483647;
			files = (
				FC2E49C324DB3FCB00A58E03 /* KDTArticleController.m in Sources */,
				FC2E499F24DA0ACA00A58E03 /* MainViewController.m in Sources */,
				FC2E499924DA0ACA00A58E03 /* AppDelegate.m in Sources */,
				FC2E49AA24DA0ACC00A58E03 /* main.m in Sources */,
				FC2E49BF24DA3A8200A58E03 /* KDTArticle.m in Sources */,
				FC642B8824DCA5B7003BC244 /* KDTPreviousArticleCollectionViewCell.m in Sources */,
				FC2E499C24DA0ACA00A58E03 /* SceneDelegate.m in Sources */,
				FC642B8024DC672E003BC244 /* KDTFeaturedArticleCollectionViewCell.m in Sources */,
			);
			runOnlyForDeploymentPostprocessing = 0;
		};
/* End PBXSourcesBuildPhase section */

/* Begin PBXVariantGroup section */
		FC2E49A024DA0ACA00A58E03 /* Main.storyboard */ = {
			isa = PBXVariantGroup;
			children = (
				FC2E49A124DA0ACA00A58E03 /* Base */,
			);
			name = Main.storyboard;
			sourceTree = "<group>";
		};
		FC2E49A524DA0ACC00A58E03 /* LaunchScreen.storyboard */ = {
			isa = PBXVariantGroup;
			children = (
				FC2E49A624DA0ACC00A58E03 /* Base */,
			);
			name = LaunchScreen.storyboard;
			sourceTree = "<group>";
		};
/* End PBXVariantGroup section */

/* Begin XCBuildConfiguration section */
		FC2E49AB24DA0ACC00A58E03 /* Debug */ = {
			isa = XCBuildConfiguration;
			buildSettings = {
				ALWAYS_SEARCH_USER_PATHS = NO;
				CLANG_ANALYZER_NONNULL = YES;
				CLANG_ANALYZER_NUMBER_OBJECT_CONVERSION = YES_AGGRESSIVE;
				CLANG_CXX_LANGUAGE_STANDARD = "gnu++14";
				CLANG_CXX_LIBRARY = "libc++";
				CLANG_ENABLE_MODULES = YES;
				CLANG_ENABLE_OBJC_ARC = YES;
				CLANG_ENABLE_OBJC_WEAK = YES;
				CLANG_WARN_BLOCK_CAPTURE_AUTORELEASING = YES;
				CLANG_WARN_BOOL_CONVERSION = YES;
				CLANG_WARN_COMMA = YES;
				CLANG_WARN_CONSTANT_CONVERSION = YES;
				CLANG_WARN_DEPRECATED_OBJC_IMPLEMENTATIONS = YES;
				CLANG_WARN_DIRECT_OBJC_ISA_USAGE = YES_ERROR;
				CLANG_WARN_DOCUMENTATION_COMMENTS = YES;
				CLANG_WARN_EMPTY_BODY = YES;
				CLANG_WARN_ENUM_CONVERSION = YES;
				CLANG_WARN_INFINITE_RECURSION = YES;
				CLANG_WARN_INT_CONVERSION = YES;
				CLANG_WARN_NON_LITERAL_NULL_CONVERSION = YES;
				CLANG_WARN_OBJC_IMPLICIT_RETAIN_SELF = YES;
				CLANG_WARN_OBJC_LITERAL_CONVERSION = YES;
				CLANG_WARN_OBJC_ROOT_CLASS = YES_ERROR;
				CLANG_WARN_RANGE_LOOP_ANALYSIS = YES;
				CLANG_WARN_STRICT_PROTOTYPES = YES;
				CLANG_WARN_SUSPICIOUS_MOVE = YES;
				CLANG_WARN_UNGUARDED_AVAILABILITY = YES_AGGRESSIVE;
				CLANG_WARN_UNREACHABLE_CODE = YES;
				CLANG_WARN__DUPLICATE_METHOD_MATCH = YES;
				COPY_PHASE_STRIP = NO;
				DEBUG_INFORMATION_FORMAT = dwarf;
				ENABLE_STRICT_OBJC_MSGSEND = YES;
				ENABLE_TESTABILITY = YES;
				GCC_C_LANGUAGE_STANDARD = gnu11;
				GCC_DYNAMIC_NO_PIC = NO;
				GCC_NO_COMMON_BLOCKS = YES;
				GCC_OPTIMIZATION_LEVEL = 0;
				GCC_PREPROCESSOR_DEFINITIONS = (
					"DEBUG=1",
					"$(inherited)",
				);
				GCC_WARN_64_TO_32_BIT_CONVERSION = YES;
				GCC_WARN_ABOUT_RETURN_TYPE = YES_ERROR;
				GCC_WARN_UNDECLARED_SELECTOR = YES;
				GCC_WARN_UNINITIALIZED_AUTOS = YES_AGGRESSIVE;
				GCC_WARN_UNUSED_FUNCTION = YES;
				GCC_WARN_UNUSED_VARIABLE = YES;
				IPHONEOS_DEPLOYMENT_TARGET = 13.6;
				MTL_ENABLE_DEBUG_INFO = INCLUDE_SOURCE;
				MTL_FAST_MATH = YES;
				ONLY_ACTIVE_ARCH = YES;
				SDKROOT = iphoneos;
			};
			name = Debug;
		};
		FC2E49AC24DA0ACC00A58E03 /* Release */ = {
			isa = XCBuildConfiguration;
			buildSettings = {
				ALWAYS_SEARCH_USER_PATHS = NO;
				CLANG_ANALYZER_NONNULL = YES;
				CLANG_ANALYZER_NUMBER_OBJECT_CONVERSION = YES_AGGRESSIVE;
				CLANG_CXX_LANGUAGE_STANDARD = "gnu++14";
				CLANG_CXX_LIBRARY = "libc++";
				CLANG_ENABLE_MODULES = YES;
				CLANG_ENABLE_OBJC_ARC = YES;
				CLANG_ENABLE_OBJC_WEAK = YES;
				CLANG_WARN_BLOCK_CAPTURE_AUTORELEASING = YES;
				CLANG_WARN_BOOL_CONVERSION = YES;
				CLANG_WARN_COMMA = YES;
				CLANG_WARN_CONSTANT_CONVERSION = YES;
				CLANG_WARN_DEPRECATED_OBJC_IMPLEMENTATIONS = YES;
				CLANG_WARN_DIRECT_OBJC_ISA_USAGE = YES_ERROR;
				CLANG_WARN_DOCUMENTATION_COMMENTS = YES;
				CLANG_WARN_EMPTY_BODY = YES;
				CLANG_WARN_ENUM_CONVERSION = YES;
				CLANG_WARN_INFINITE_RECURSION = YES;
				CLANG_WARN_INT_CONVERSION = YES;
				CLANG_WARN_NON_LITERAL_NULL_CONVERSION = YES;
				CLANG_WARN_OBJC_IMPLICIT_RETAIN_SELF = YES;
				CLANG_WARN_OBJC_LITERAL_CONVERSION = YES;
				CLANG_WARN_OBJC_ROOT_CLASS = YES_ERROR;
				CLANG_WARN_RANGE_LOOP_ANALYSIS = YES;
				CLANG_WARN_STRICT_PROTOTYPES = YES;
				CLANG_WARN_SUSPICIOUS_MOVE = YES;
				CLANG_WARN_UNGUARDED_AVAILABILITY = YES_AGGRESSIVE;
				CLANG_WARN_UNREACHABLE_CODE = YES;
				CLANG_WARN__DUPLICATE_METHOD_MATCH = YES;
				COPY_PHASE_STRIP = NO;
				DEBUG_INFORMATION_FORMAT = "dwarf-with-dsym";
				ENABLE_NS_ASSERTIONS = NO;
				ENABLE_STRICT_OBJC_MSGSEND = YES;
				GCC_C_LANGUAGE_STANDARD = gnu11;
				GCC_NO_COMMON_BLOCKS = YES;
				GCC_WARN_64_TO_32_BIT_CONVERSION = YES;
				GCC_WARN_ABOUT_RETURN_TYPE = YES_ERROR;
				GCC_WARN_UNDECLARED_SELECTOR = YES;
				GCC_WARN_UNINITIALIZED_AUTOS = YES_AGGRESSIVE;
				GCC_WARN_UNUSED_FUNCTION = YES;
				GCC_WARN_UNUSED_VARIABLE = YES;
				IPHONEOS_DEPLOYMENT_TARGET = 13.6;
				MTL_ENABLE_DEBUG_INFO = NO;
				MTL_FAST_MATH = YES;
				SDKROOT = iphoneos;
				VALIDATE_PRODUCT = YES;
			};
			name = Release;
		};
		FC2E49AE24DA0ACC00A58E03 /* Debug */ = {
			isa = XCBuildConfiguration;
			buildSettings = {
				ASSETCATALOG_COMPILER_APPICON_NAME = AppIcon;
				CODE_SIGN_STYLE = Automatic;
				DEVELOPMENT_TEAM = C39EPG5VUE;
				INFOPLIST_FILE = "$(SRCROOT)/PCapCodingChallenge/Resources/Info.plist";
				IPHONEOS_DEPLOYMENT_TARGET = 13.0;
				LD_RUNPATH_SEARCH_PATHS = (
					"$(inherited)",
					"@executable_path/Frameworks",
				);
				PRODUCT_BUNDLE_IDENTIFIER = com.kevintanner.PCapCodingChallenge;
				PRODUCT_NAME = "$(TARGET_NAME)";
				TARGETED_DEVICE_FAMILY = "1,2";
			};
			name = Debug;
		};
		FC2E49AF24DA0ACC00A58E03 /* Release */ = {
			isa = XCBuildConfiguration;
			buildSettings = {
				ASSETCATALOG_COMPILER_APPICON_NAME = AppIcon;
				CODE_SIGN_STYLE = Automatic;
				DEVELOPMENT_TEAM = C39EPG5VUE;
				INFOPLIST_FILE = "$(SRCROOT)/PCapCodingChallenge/Resources/Info.plist";
				IPHONEOS_DEPLOYMENT_TARGET = 13.0;
				LD_RUNPATH_SEARCH_PATHS = (
					"$(inherited)",
					"@executable_path/Frameworks",
				);
				PRODUCT_BUNDLE_IDENTIFIER = com.kevintanner.PCapCodingChallenge;
				PRODUCT_NAME = "$(TARGET_NAME)";
				TARGETED_DEVICE_FAMILY = "1,2";
			};
			name = Release;
		};
/* End XCBuildConfiguration section */

/* Begin XCConfigurationList section */
		FC2E498F24DA0ACA00A58E03 /* Build configuration list for PBXProject "PCapCodingChallenge" */ = {
			isa = XCConfigurationList;
			buildConfigurations = (
				FC2E49AB24DA0ACC00A58E03 /* Debug */,
				FC2E49AC24DA0ACC00A58E03 /* Release */,
			);
			defaultConfigurationIsVisible = 0;
			defaultConfigurationName = Release;
		};
		FC2E49AD24DA0ACC00A58E03 /* Build configuration list for PBXNativeTarget "PCapCodingChallenge" */ = {
			isa = XCConfigurationList;
			buildConfigurations = (
				FC2E49AE24DA0ACC00A58E03 /* Debug */,
				FC2E49AF24DA0ACC00A58E03 /* Release */,
			);
			defaultConfigurationIsVisible = 0;
			defaultConfigurationName = Release;
		};
/* End XCConfigurationList section */
	};
	rootObject = FC2E498C24DA0ACA00A58E03 /* Project object */;
}
